// !$*UTF8*$!
{
	archiveVersion = 1;
	classes = {
	};
	objectVersion = 50;
	objects = {

/* Begin PBXBuildFile section */
		825D0AE724D3166800586202 /* AppDelegate.swift in Sources */ = {isa = PBXBuildFile; fileRef = 825D0AE624D3166800586202 /* AppDelegate.swift */; };
		825D0AE924D3166800586202 /* SceneDelegate.swift in Sources */ = {isa = PBXBuildFile; fileRef = 825D0AE824D3166800586202 /* SceneDelegate.swift */; };
		825D0AEB24D3166800586202 /* ViewController.swift in Sources */ = {isa = PBXBuildFile; fileRef = 825D0AEA24D3166800586202 /* ViewController.swift */; };
		825D0AEE24D3166800586202 /* Main.storyboard in Resources */ = {isa = PBXBuildFile; fileRef = 825D0AEC24D3166800586202 /* Main.storyboard */; };
		825D0AF024D3166A00586202 /* Assets.xcassets in Resources */ = {isa = PBXBuildFile; fileRef = 825D0AEF24D3166A00586202 /* Assets.xcassets */; };
		825D0AF324D3166A00586202 /* LaunchScreen.storyboard in Resources */ = {isa = PBXBuildFile; fileRef = 825D0AF124D3166A00586202 /* LaunchScreen.storyboard */; };
		825D0AFE24D3166A00586202 /* pedometer_detectorTests.swift in Sources */ = {isa = PBXBuildFile; fileRef = 825D0AFD24D3166A00586202 /* pedometer_detectorTests.swift */; };
		825D0B0924D3166A00586202 /* pedometer_detectorUITests.swift in Sources */ = {isa = PBXBuildFile; fileRef = 825D0B0824D3166A00586202 /* pedometer_detectorUITests.swift */; };
/* End PBXBuildFile section */

/* Begin PBXContainerItemProxy section */
		825D0AFA24D3166A00586202 /* PBXContainerItemProxy */ = {
			isa = PBXContainerItemProxy;
			containerPortal = 825D0ADB24D3166800586202 /* Project object */;
			proxyType = 1;
			remoteGlobalIDString = 825D0AE224D3166800586202;
			remoteInfo = "pedometer-detector";
		};
		825D0B0524D3166A00586202 /* PBXContainerItemProxy */ = {
			isa = PBXContainerItemProxy;
			containerPortal = 825D0ADB24D3166800586202 /* Project object */;
			proxyType = 1;
			remoteGlobalIDString = 825D0AE224D3166800586202;
			remoteInfo = "pedometer-detector";
		};
/* End PBXContainerItemProxy section */

/* Begin PBXFileReference section */
		825D0AE324D3166800586202 /* pedometer-detector.app */ = {isa = PBXFileReference; explicitFileType = wrapper.application; includeInIndex = 0; path = "pedometer-detector.app"; sourceTree = BUILT_PRODUCTS_DIR; };
		825D0AE624D3166800586202 /* AppDelegate.swift */ = {isa = PBXFileReference; lastKnownFileType = sourcecode.swift; path = AppDelegate.swift; sourceTree = "<group>"; };
		825D0AE824D3166800586202 /* SceneDelegate.swift */ = {isa = PBXFileReference; lastKnownFileType = sourcecode.swift; path = SceneDelegate.swift; sourceTree = "<group>"; };
		825D0AEA24D3166800586202 /* ViewController.swift */ = {isa = PBXFileReference; lastKnownFileType = sourcecode.swift; path = ViewController.swift; sourceTree = "<group>"; };
		825D0AED24D3166800586202 /* Base */ = {isa = PBXFileReference; lastKnownFileType = file.storyboard; name = Base; path = Base.lproj/Main.storyboard; sourceTree = "<group>"; };
		825D0AEF24D3166A00586202 /* Assets.xcassets */ = {isa = PBXFileReference; lastKnownFileType = folder.assetcatalog; path = Assets.xcassets; sourceTree = "<group>"; };
		825D0AF224D3166A00586202 /* Base */ = {isa = PBXFileReference; lastKnownFileType = file.storyboard; name = Base; path = Base.lproj/LaunchScreen.storyboard; sourceTree = "<group>"; };
		825D0AF424D3166A00586202 /* Info.plist */ = {isa = PBXFileReference; lastKnownFileType = text.plist.xml; path = Info.plist; sourceTree = "<group>"; };
		825D0AF924D3166A00586202 /* pedometer-detectorTests.xctest */ = {isa = PBXFileReference; explicitFileType = wrapper.cfbundle; includeInIndex = 0; path = "pedometer-detectorTests.xctest"; sourceTree = BUILT_PRODUCTS_DIR; };
		825D0AFD24D3166A00586202 /* pedometer_detectorTests.swift */ = {isa = PBXFileReference; lastKnownFileType = sourcecode.swift; path = pedometer_detectorTests.swift; sourceTree = "<group>"; };
		825D0AFF24D3166A00586202 /* Info.plist */ = {isa = PBXFileReference; lastKnownFileType = text.plist.xml; path = Info.plist; sourceTree = "<group>"; };
		825D0B0424D3166A00586202 /* pedometer-detectorUITests.xctest */ = {isa = PBXFileReference; explicitFileType = wrapper.cfbundle; includeInIndex = 0; path = "pedometer-detectorUITests.xctest"; sourceTree = BUILT_PRODUCTS_DIR; };
		825D0B0824D3166A00586202 /* pedometer_detectorUITests.swift */ = {isa = PBXFileReference; lastKnownFileType = sourcecode.swift; path = pedometer_detectorUITests.swift; sourceTree = "<group>"; };
		825D0B0A24D3166A00586202 /* Info.plist */ = {isa = PBXFileReference; lastKnownFileType = text.plist.xml; path = Info.plist; sourceTree = "<group>"; };
/* End PBXFileReference section */

/* Begin PBXFrameworksBuildPhase section */
		825D0AE024D3166800586202 /* Frameworks */ = {
			isa = PBXFrameworksBuildPhase;
			buildActionMask = 2147483647;
			files = (
			);
			runOnlyForDeploymentPostprocessing = 0;
		};
		825D0AF624D3166A00586202 /* Frameworks */ = {
			isa = PBXFrameworksBuildPhase;
			buildActionMask = 2147483647;
			files = (
			);
			runOnlyForDeploymentPostprocessing = 0;
		};
		825D0B0124D3166A00586202 /* Frameworks */ = {
			isa = PBXFrameworksBuildPhase;
			buildActionMask = 2147483647;
			files = (
			);
			runOnlyForDeploymentPostprocessing = 0;
		};
/* End PBXFrameworksBuildPhase section */

/* Begin PBXGroup section */
		825D0ADA24D3166800586202 = {
			isa = PBXGroup;
			children = (
				825D0AE524D3166800586202 /* pedometer-detector */,
				825D0AFC24D3166A00586202 /* pedometer-detectorTests */,
				825D0B0724D3166A00586202 /* pedometer-detectorUITests */,
				825D0AE424D3166800586202 /* Products */,
			);
			sourceTree = "<group>";
		};
		825D0AE424D3166800586202 /* Products */ = {
			isa = PBXGroup;
			children = (
				825D0AE324D3166800586202 /* pedometer-detector.app */,
				825D0AF924D3166A00586202 /* pedometer-detectorTests.xctest */,
				825D0B0424D3166A00586202 /* pedometer-detectorUITests.xctest */,
			);
			name = Products;
			sourceTree = "<group>";
		};
		825D0AE524D3166800586202 /* pedometer-detector */ = {
			isa = PBXGroup;
			children = (
				825D0AE624D3166800586202 /* AppDelegate.swift */,
				825D0AE824D3166800586202 /* SceneDelegate.swift */,
				825D0AEA24D3166800586202 /* ViewController.swift */,
				825D0AEC24D3166800586202 /* Main.storyboard */,
				825D0AEF24D3166A00586202 /* Assets.xcassets */,
				825D0AF124D3166A00586202 /* LaunchScreen.storyboard */,
				825D0AF424D3166A00586202 /* Info.plist */,
			);
			path = "pedometer-detector";
			sourceTree = "<group>";
		};
		825D0AFC24D3166A00586202 /* pedometer-detectorTests */ = {
			isa = PBXGroup;
			children = (
				825D0AFD24D3166A00586202 /* pedometer_detectorTests.swift */,
				825D0AFF24D3166A00586202 /* Info.plist */,
			);
			path = "pedometer-detectorTests";
			sourceTree = "<group>";
		};
		825D0B0724D3166A00586202 /* pedometer-detectorUITests */ = {
			isa = PBXGroup;
			children = (
				825D0B0824D3166A00586202 /* pedometer_detectorUITests.swift */,
				825D0B0A24D3166A00586202 /* Info.plist */,
			);
			path = "pedometer-detectorUITests";
			sourceTree = "<group>";
		};
/* End PBXGroup section */

/* Begin PBXNativeTarget section */
		825D0AE224D3166800586202 /* pedometer-detector */ = {
			isa = PBXNativeTarget;
			buildConfigurationList = 825D0B0D24D3166A00586202 /* Build configuration list for PBXNativeTarget "pedometer-detector" */;
			buildPhases = (
				825D0ADF24D3166800586202 /* Sources */,
				825D0AE024D3166800586202 /* Frameworks */,
				825D0AE124D3166800586202 /* Resources */,
			);
			buildRules = (
			);
			dependencies = (
			);
			name = "pedometer-detector";
			productName = "pedometer-detector";
			productReference = 825D0AE324D3166800586202 /* pedometer-detector.app */;
			productType = "com.apple.product-type.application";
		};
		825D0AF824D3166A00586202 /* pedometer-detectorTests */ = {
			isa = PBXNativeTarget;
			buildConfigurationList = 825D0B1024D3166A00586202 /* Build configuration list for PBXNativeTarget "pedometer-detectorTests" */;
			buildPhases = (
				825D0AF524D3166A00586202 /* Sources */,
				825D0AF624D3166A00586202 /* Frameworks */,
				825D0AF724D3166A00586202 /* Resources */,
			);
			buildRules = (
			);
			dependencies = (
				825D0AFB24D3166A00586202 /* PBXTargetDependency */,
			);
			name = "pedometer-detectorTests";
			productName = "pedometer-detectorTests";
			productReference = 825D0AF924D3166A00586202 /* pedometer-detectorTests.xctest */;
			productType = "com.apple.product-type.bundle.unit-test";
		};
		825D0B0324D3166A00586202 /* pedometer-detectorUITests */ = {
			isa = PBXNativeTarget;
			buildConfigurationList = 825D0B1324D3166A00586202 /* Build configuration list for PBXNativeTarget "pedometer-detectorUITests" */;
			buildPhases = (
				825D0B0024D3166A00586202 /* Sources */,
				825D0B0124D3166A00586202 /* Frameworks */,
				825D0B0224D3166A00586202 /* Resources */,
			);
			buildRules = (
			);
			dependencies = (
				825D0B0624D3166A00586202 /* PBXTargetDependency */,
			);
			name = "pedometer-detectorUITests";
			productName = "pedometer-detectorUITests";
			productReference = 825D0B0424D3166A00586202 /* pedometer-detectorUITests.xctest */;
			productType = "com.apple.product-type.bundle.ui-testing";
		};
/* End PBXNativeTarget section */

/* Begin PBXProject section */
		825D0ADB24D3166800586202 /* Project object */ = {
			isa = PBXProject;
			attributes = {
				LastSwiftUpdateCheck = 1160;
				LastUpgradeCheck = 1160;
				ORGANIZATIONNAME = "Thomas Nygaard Nilsson";
				TargetAttributes = {
					825D0AE224D3166800586202 = {
						CreatedOnToolsVersion = 11.6;
					};
					825D0AF824D3166A00586202 = {
						CreatedOnToolsVersion = 11.6;
						TestTargetID = 825D0AE224D3166800586202;
					};
					825D0B0324D3166A00586202 = {
						CreatedOnToolsVersion = 11.6;
						TestTargetID = 825D0AE224D3166800586202;
					};
				};
			};
			buildConfigurationList = 825D0ADE24D3166800586202 /* Build configuration list for PBXProject "pedometer-detector" */;
			compatibilityVersion = "Xcode 9.3";
			developmentRegion = en;
			hasScannedForEncodings = 0;
			knownRegions = (
				en,
				Base,
			);
			mainGroup = 825D0ADA24D3166800586202;
			productRefGroup = 825D0AE424D3166800586202 /* Products */;
			projectDirPath = "";
			projectRoot = "";
			targets = (
				825D0AE224D3166800586202 /* pedometer-detector */,
				825D0AF824D3166A00586202 /* pedometer-detectorTests */,
				825D0B0324D3166A00586202 /* pedometer-detectorUITests */,
			);
		};
/* End PBXProject section */

/* Begin PBXResourcesBuildPhase section */
		825D0AE124D3166800586202 /* Resources */ = {
			isa = PBXResourcesBuildPhase;
			buildActionMask = 2147483647;
			files = (
				825D0AF324D3166A00586202 /* LaunchScreen.storyboard in Resources */,
				825D0AF024D3166A00586202 /* Assets.xcassets in Resources */,
				825D0AEE24D3166800586202 /* Main.storyboard in Resources */,
			);
			runOnlyForDeploymentPostprocessing = 0;
		};
		825D0AF724D3166A00586202 /* Resources */ = {
			isa = PBXResourcesBuildPhase;
			buildActionMask = 2147483647;
			files = (
			);
			runOnlyForDeploymentPostprocessing = 0;
		};
		825D0B0224D3166A00586202 /* Resources */ = {
			isa = PBXResourcesBuildPhase;
			buildActionMask = 2147483647;
			files = (
			);
			runOnlyForDeploymentPostprocessing = 0;
		};
/* End PBXResourcesBuildPhase section */

/* Begin PBXSourcesBuildPhase section */
		825D0ADF24D3166800586202 /* Sources */ = {
			isa = PBXSourcesBuildPhase;
			buildActionMask = 2147483647;
			files = (
				825D0AEB24D3166800586202 /* ViewController.swift in Sources */,
				825D0AE724D3166800586202 /* AppDelegate.swift in Sources */,
				825D0AE924D3166800586202 /* SceneDelegate.swift in Sources */,
			);
			runOnlyForDeploymentPostprocessing = 0;
		};
		825D0AF524D3166A00586202 /* Sources */ = {
			isa = PBXSourcesBuildPhase;
			buildActionMask = 2147483647;
			files = (
				825D0AFE24D3166A00586202 /* pedometer_detectorTests.swift in Sources */,
			);
			runOnlyForDeploymentPostprocessing = 0;
		};
		825D0B0024D3166A00586202 /* Sources */ = {
			isa = PBXSourcesBuildPhase;
			buildActionMask = 2147483647;
			files = (
				825D0B0924D3166A00586202 /* pedometer_detectorUITests.swift in Sources */,
			);
			runOnlyForDeploymentPostprocessing = 0;
		};
/* End PBXSourcesBuildPhase section */

/* Begin PBXTargetDependency section */
		825D0AFB24D3166A00586202 /* PBXTargetDependency */ = {
			isa = PBXTargetDependency;
			target = 825D0AE224D3166800586202 /* pedometer-detector */;
			targetProxy = 825D0AFA24D3166A00586202 /* PBXContainerItemProxy */;
		};
		825D0B0624D3166A00586202 /* PBXTargetDependency */ = {
			isa = PBXTargetDependency;
			target = 825D0AE224D3166800586202 /* pedometer-detector */;
			targetProxy = 825D0B0524D3166A00586202 /* PBXContainerItemProxy */;
		};
/* End PBXTargetDependency section */

/* Begin PBXVariantGroup section */
		825D0AEC24D3166800586202 /* Main.storyboard */ = {
			isa = PBXVariantGroup;
			children = (
				825D0AED24D3166800586202 /* Base */,
			);
			name = Main.storyboard;
			sourceTree = "<group>";
		};
		825D0AF124D3166A00586202 /* LaunchScreen.storyboard */ = {
			isa = PBXVariantGroup;
			children = (
				825D0AF224D3166A00586202 /* Base */,
			);
			name = LaunchScreen.storyboard;
			sourceTree = "<group>";
		};
/* End PBXVariantGroup section */

/* Begin XCBuildConfiguration section */
		825D0B0B24D3166A00586202 /* Debug */ = {
			isa = XCBuildConfiguration;
			buildSettings = {
				ALWAYS_SEARCH_USER_PATHS = NO;
				CLANG_ANALYZER_NONNULL = YES;
				CLANG_ANALYZER_NUMBER_OBJECT_CONVERSION = YES_AGGRESSIVE;
				CLANG_CXX_LANGUAGE_STANDARD = "gnu++14";
				CLANG_CXX_LIBRARY = "libc++";
				CLANG_ENABLE_MODULES = YES;
				CLANG_ENABLE_OBJC_ARC = YES;
				CLANG_ENABLE_OBJC_WEAK = YES;
				CLANG_WARN_BLOCK_CAPTURE_AUTORELEASING = YES;
				CLANG_WARN_BOOL_CONVERSION = YES;
				CLANG_WARN_COMMA = YES;
				CLANG_WARN_CONSTANT_CONVERSION = YES;
				CLANG_WARN_DEPRECATED_OBJC_IMPLEMENTATIONS = YES;
				CLANG_WARN_DIRECT_OBJC_ISA_USAGE = YES_ERROR;
				CLANG_WARN_DOCUMENTATION_COMMENTS = YES;
				CLANG_WARN_EMPTY_BODY = YES;
				CLANG_WARN_ENUM_CONVERSION = YES;
				CLANG_WARN_INFINITE_RECURSION = YES;
				CLANG_WARN_INT_CONVERSION = YES;
				CLANG_WARN_NON_LITERAL_NULL_CONVERSION = YES;
				CLANG_WARN_OBJC_IMPLICIT_RETAIN_SELF = YES;
				CLANG_WARN_OBJC_LITERAL_CONVERSION = YES;
				CLANG_WARN_OBJC_ROOT_CLASS = YES_ERROR;
				CLANG_WARN_RANGE_LOOP_ANALYSIS = YES;
				CLANG_WARN_STRICT_PROTOTYPES = YES;
				CLANG_WARN_SUSPICIOUS_MOVE = YES;
				CLANG_WARN_UNGUARDED_AVAILABILITY = YES_AGGRESSIVE;
				CLANG_WARN_UNREACHABLE_CODE = YES;
				CLANG_WARN__DUPLICATE_METHOD_MATCH = YES;
				COPY_PHASE_STRIP = NO;
				DEBUG_INFORMATION_FORMAT = dwarf;
				ENABLE_STRICT_OBJC_MSGSEND = YES;
				ENABLE_TESTABILITY = YES;
				GCC_C_LANGUAGE_STANDARD = gnu11;
				GCC_DYNAMIC_NO_PIC = NO;
				GCC_NO_COMMON_BLOCKS = YES;
				GCC_OPTIMIZATION_LEVEL = 0;
				GCC_PREPROCESSOR_DEFINITIONS = (
					"DEBUG=1",
					"$(inherited)",
				);
				GCC_WARN_64_TO_32_BIT_CONVERSION = YES;
				GCC_WARN_ABOUT_RETURN_TYPE = YES_ERROR;
				GCC_WARN_UNDECLARED_SELECTOR = YES;
				GCC_WARN_UNINITIALIZED_AUTOS = YES_AGGRESSIVE;
				GCC_WARN_UNUSED_FUNCTION = YES;
				GCC_WARN_UNUSED_VARIABLE = YES;
				IPHONEOS_DEPLOYMENT_TARGET = 13.6;
				MTL_ENABLE_DEBUG_INFO = INCLUDE_SOURCE;
				MTL_FAST_MATH = YES;
				ONLY_ACTIVE_ARCH = YES;
				SDKROOT = iphoneos;
				SWIFT_ACTIVE_COMPILATION_CONDITIONS = DEBUG;
				SWIFT_OPTIMIZATION_LEVEL = "-Onone";
			};
			name = Debug;
		};
		825D0B0C24D3166A00586202 /* Release */ = {
			isa = XCBuildConfiguration;
			buildSettings = {
				ALWAYS_SEARCH_USER_PATHS = NO;
				CLANG_ANALYZER_NONNULL = YES;
				CLANG_ANALYZER_NUMBER_OBJECT_CONVERSION = YES_AGGRESSIVE;
				CLANG_CXX_LANGUAGE_STANDARD = "gnu++14";
				CLANG_CXX_LIBRARY = "libc++";
				CLANG_ENABLE_MODULES = YES;
				CLANG_ENABLE_OBJC_ARC = YES;
				CLANG_ENABLE_OBJC_WEAK = YES;
				CLANG_WARN_BLOCK_CAPTURE_AUTORELEASING = YES;
				CLANG_WARN_BOOL_CONVERSION = YES;
				CLANG_WARN_COMMA = YES;
				CLANG_WARN_CONSTANT_CONVERSION = YES;
				CLANG_WARN_DEPRECATED_OBJC_IMPLEMENTATIONS = YES;
				CLANG_WARN_DIRECT_OBJC_ISA_USAGE = YES_ERROR;
				CLANG_WARN_DOCUMENTATION_COMMENTS = YES;
				CLANG_WARN_EMPTY_BODY = YES;
				CLANG_WARN_ENUM_CONVERSION = YES;
				CLANG_WARN_INFINITE_RECURSION = YES;
				CLANG_WARN_INT_CONVERSION = YES;
				CLANG_WARN_NON_LITERAL_NULL_CONVERSION = YES;
				CLANG_WARN_OBJC_IMPLICIT_RETAIN_SELF = YES;
				CLANG_WARN_OBJC_LITERAL_CONVERSION = YES;
				CLANG_WARN_OBJC_ROOT_CLASS = YES_ERROR;
				CLANG_WARN_RANGE_LOOP_ANALYSIS = YES;
				CLANG_WARN_STRICT_PROTOTYPES = YES;
				CLANG_WARN_SUSPICIOUS_MOVE = YES;
				CLANG_WARN_UNGUARDED_AVAILABILITY = YES_AGGRESSIVE;
				CLANG_WARN_UNREACHABLE_CODE = YES;
				CLANG_WARN__DUPLICATE_METHOD_MATCH = YES;
				COPY_PHASE_STRIP = NO;
				DEBUG_INFORMATION_FORMAT = "dwarf-with-dsym";
				ENABLE_NS_ASSERTIONS = NO;
				ENABLE_STRICT_OBJC_MSGSEND = YES;
				GCC_C_LANGUAGE_STANDARD = gnu11;
				GCC_NO_COMMON_BLOCKS = YES;
				GCC_WARN_64_TO_32_BIT_CONVERSION = YES;
				GCC_WARN_ABOUT_RETURN_TYPE = YES_ERROR;
				GCC_WARN_UNDECLARED_SELECTOR = YES;
				GCC_WARN_UNINITIALIZED_AUTOS = YES_AGGRESSIVE;
				GCC_WARN_UNUSED_FUNCTION = YES;
				GCC_WARN_UNUSED_VARIABLE = YES;
				IPHONEOS_DEPLOYMENT_TARGET = 13.6;
				MTL_ENABLE_DEBUG_INFO = NO;
				MTL_FAST_MATH = YES;
				SDKROOT = iphoneos;
				SWIFT_COMPILATION_MODE = wholemodule;
				SWIFT_OPTIMIZATION_LEVEL = "-O";
				VALIDATE_PRODUCT = YES;
			};
			name = Release;
		};
		825D0B0E24D3166A00586202 /* Debug */ = {
			isa = XCBuildConfiguration;
			buildSettings = {
				ASSETCATALOG_COMPILER_APPICON_NAME = AppIcon;
				CODE_SIGN_STYLE = Automatic;
				DEVELOPMENT_TEAM = H33599VJ27;
				INFOPLIST_FILE = "pedometer-detector/Info.plist";
				IPHONEOS_DEPLOYMENT_TARGET = 13.0;
				LD_RUNPATH_SEARCH_PATHS = (
					"$(inherited)",
					"@executable_path/Frameworks",
				);
				PRODUCT_BUNDLE_IDENTIFIER = "thomasnilsson.pedometer-detector";
				PRODUCT_NAME = "$(TARGET_NAME)";
				SWIFT_VERSION = 5.0;
				TARGETED_DEVICE_FAMILY = "1,2";
			};
			name = Debug;
		};
		825D0B0F24D3166A00586202 /* Release */ = {
			isa = XCBuildConfiguration;
			buildSettings = {
				ASSETCATALOG_COMPILER_APPICON_NAME = AppIcon;
				CODE_SIGN_STYLE = Automatic;
				DEVELOPMENT_TEAM = H33599VJ27;
				INFOPLIST_FILE = "pedometer-detector/Info.plist";
				IPHONEOS_DEPLOYMENT_TARGET = 13.0;
				LD_RUNPATH_SEARCH_PATHS = (
					"$(inherited)",
					"@executable_path/Frameworks",
				);
				PRODUCT_BUNDLE_IDENTIFIER = "thomasnilsson.pedometer-detector";
				PRODUCT_NAME = "$(TARGET_NAME)";
				SWIFT_VERSION = 5.0;
				TARGETED_DEVICE_FAMILY = "1,2";
			};
			name = Release;
		};
		825D0B1124D3166A00586202 /* Debug */ = {
			isa = XCBuildConfiguration;
			buildSettings = {
				ALWAYS_EMBED_SWIFT_STANDARD_LIBRARIES = YES;
				BUNDLE_LOADER = "$(TEST_HOST)";
				CODE_SIGN_STYLE = Automatic;
				DEVELOPMENT_TEAM = LR32X35UU3;
				INFOPLIST_FILE = "pedometer-detectorTests/Info.plist";
				IPHONEOS_DEPLOYMENT_TARGET = 13.6;
				LD_RUNPATH_SEARCH_PATHS = (
					"$(inherited)",
					"@executable_path/Frameworks",
					"@loader_path/Frameworks",
				);
				PRODUCT_BUNDLE_IDENTIFIER = "thomasnilsson.pedometer-detectorTests";
				PRODUCT_NAME = "$(TARGET_NAME)";
				SWIFT_VERSION = 5.0;
				TARGETED_DEVICE_FAMILY = "1,2";
				TEST_HOST = "$(BUILT_PRODUCTS_DIR)/pedometer-detector.app/pedometer-detector";
			};
			name = Debug;
		};
		825D0B1224D3166A00586202 /* Release */ = {
			isa = XCBuildConfiguration;
			buildSettings = {
				ALWAYS_EMBED_SWIFT_STANDARD_LIBRARIES = YES;
				BUNDLE_LOADER = "$(TEST_HOST)";
				CODE_SIGN_STYLE = Automatic;
				DEVELOPMENT_TEAM = LR32X35UU3;
				INFOPLIST_FILE = "pedometer-detectorTests/Info.plist";
				IPHONEOS_DEPLOYMENT_TARGET = 13.6;
				LD_RUNPATH_SEARCH_PATHS = (
					"$(inherited)",
					"@executable_path/Frameworks",
					"@loader_path/Frameworks",
				);
				PRODUCT_BUNDLE_IDENTIFIER = "thomasnilsson.pedometer-detectorTests";
				PRODUCT_NAME = "$(TARGET_NAME)";
				SWIFT_VERSION = 5.0;
				TARGETED_DEVICE_FAMILY = "1,2";
				TEST_HOST = "$(BUILT_PRODUCTS_DIR)/pedometer-detector.app/pedometer-detector";
			};
			name = Release;
		};
		825D0B1424D3166A00586202 /* Debug */ = {
			isa = XCBuildConfiguration;
			buildSettings = {
				ALWAYS_EMBED_SWIFT_STANDARD_LIBRARIES = YES;
				CODE_SIGN_STYLE = Automatic;
				DEVELOPMENT_TEAM = LR32X35UU3;
				INFOPLIST_FILE = "pedometer-detectorUITests/Info.plist";
				LD_RUNPATH_SEARCH_PATHS = (
					"$(inherited)",
					"@executable_path/Frameworks",
					"@loader_path/Frameworks",
				);
				PRODUCT_BUNDLE_IDENTIFIER = "thomasnilsson.pedometer-detectorUITests";
				PRODUCT_NAME = "$(TARGET_NAME)";
				SWIFT_VERSION = 5.0;
				TARGETED_DEVICE_FAMILY = "1,2";
				TEST_TARGET_NAME = "pedometer-detector";
			};
			name = Debug;
		};
		825D0B1524D3166A00586202 /* Release */ = {
			isa = XCBuildConfiguration;
			buildSettings = {
				ALWAYS_EMBED_SWIFT_STANDARD_LIBRARIES = YES;
				CODE_SIGN_STYLE = Automatic;
				DEVELOPMENT_TEAM = LR32X35UU3;
				INFOPLIST_FILE = "pedometer-detectorUITests/Info.plist";
				LD_RUNPATH_SEARCH_PATHS = (
					"$(inherited)",
					"@executable_path/Frameworks",
					"@loader_path/Frameworks",
				);
				PRODUCT_BUNDLE_IDENTIFIER = "thomasnilsson.pedometer-detectorUITests";
				PRODUCT_NAME = "$(TARGET_NAME)";
				SWIFT_VERSION = 5.0;
				TARGETED_DEVICE_FAMILY = "1,2";
				TEST_TARGET_NAME = "pedometer-detector";
			};
			name = Release;
		};
/* End XCBuildConfiguration section */

/* Begin XCConfigurationList section */
		825D0ADE24D3166800586202 /* Build configuration list for PBXProject "pedometer-detector" */ = {
			isa = XCConfigurationList;
			buildConfigurations = (
				825D0B0B24D3166A00586202 /* Debug */,
				825D0B0C24D3166A00586202 /* Release */,
			);
			defaultConfigurationIsVisible = 0;
			defaultConfigurationName = Release;
		};
		825D0B0D24D3166A00586202 /* Build configuration list for PBXNativeTarget "pedometer-detector" */ = {
			isa = XCConfigurationList;
			buildConfigurations = (
				825D0B0E24D3166A00586202 /* Debug */,
				825D0B0F24D3166A00586202 /* Release */,
			);
			defaultConfigurationIsVisible = 0;
			defaultConfigurationName = Release;
		};
		825D0B1024D3166A00586202 /* Build configuration list for PBXNativeTarget "pedometer-detectorTests" */ = {
			isa = XCConfigurationList;
			buildConfigurations = (
				825D0B1124D3166A00586202 /* Debug */,
				825D0B1224D3166A00586202 /* Release */,
			);
			defaultConfigurationIsVisible = 0;
			defaultConfigurationName = Release;
		};
		825D0B1324D3166A00586202 /* Build configuration list for PBXNativeTarget "pedometer-detectorUITests" */ = {
			isa = XCConfigurationList;
			buildConfigurations = (
				825D0B1424D3166A00586202 /* Debug */,
				825D0B1524D3166A00586202 /* Release */,
			);
			defaultConfigurationIsVisible = 0;
			defaultConfigurationName = Release;
		};
/* End XCConfigurationList section */
	};
	rootObject = 825D0ADB24D3166800586202 /* Project object */;
}
